<?xml version="1.0" encoding="utf-8"?>
<Project ToolsVersion="4.0" xmlns="http://schemas.microsoft.com/developer/msbuild/2003">
  <ItemGroup>
    <Filter Include="Source Files">
      <UniqueIdentifier>{4FC737F1-C7A5-4376-A066-2A32D752A2FF}</UniqueIdentifier>
      <Extensions>cpp;c;cc;cxx;c++;cppm;ixx;def;odl;idl;hpj;bat;asm;asmx</Extensions>
    </Filter>
    <Filter Include="Header Files">
      <UniqueIdentifier>{93995380-89BD-4b04-88EB-625FBE52EBFB}</UniqueIdentifier>
      <Extensions>h;hh;hpp;hxx;h++;hm;inl;inc;ipp;xsd</Extensions>
    </Filter>
    <Filter Include="Resource Files">
      <UniqueIdentifier>{67DA6AB6-F800-4c08-8B7A-83BB121AAD01}</UniqueIdentifier>
      <Extensions>rc;ico;cur;bmp;dlg;rc2;rct;bin;rgs;gif;jpg;jpeg;jpe;resx;tiff;tif;png;wav;mfcribbon-ms</Extensions>
    </Filter>
    <Filter Include="Resource Files\Map">
      <UniqueIdentifier>{fc9aaf04-5aa3-49c0-8377-3a8e52622c39}</UniqueIdentifier>
    </Filter>
    <Filter Include="Resource Files\Sound">
      <UniqueIdentifier>{0f23092d-8c0d-437d-8e59-2ce1babc6087}</UniqueIdentifier>
    </Filter>
    <Filter Include="Resource Files\ListSaveFile">
      <UniqueIdentifier>{d7ef00fa-914e-4888-9936-bc2ba567f1bf}</UniqueIdentifier>
    </Filter>
  </ItemGroup>
  <ItemGroup>
    <ClInclude Include="Controller.h">
      <Filter>Header Files</Filter>
    </ClInclude>
    <ClInclude Include="Game.h">
      <Filter>Header Files</Filter>
    </ClInclude>
    <ClInclude Include="Menu.h">
      <Filter>Header Files</Filter>
    </ClInclude>
    <ClInclude Include="Player.h">
      <Filter>Header Files</Filter>
    </ClInclude>
    <ClInclude Include="Library.h">
      <Filter>Header Files</Filter>
    </ClInclude>
    <ClInclude Include="Cell.h">
      <Filter>Header Files</Filter>
    </ClInclude>
    <ClInclude Include="Point.h">
      <Filter>Header Files</Filter>
    </ClInclude>
    <ClInclude Include="Map.h">
      <Filter>Header Files</Filter>
    </ClInclude>
    <ClInclude Include="Tower.h">
      <Filter>Header Files</Filter>
    </ClInclude>
    <ClInclude Include="Enemy.h">
      <Filter>Header Files</Filter>
    </ClInclude>
    <ClInclude Include="Play.h">
      <Filter>Header Files</Filter>
    </ClInclude>
    <ClInclude Include="Monster.h">
      <Filter>Header Files</Filter>
    </ClInclude>
  </ItemGroup>
  <ItemGroup>
    <ClCompile Include="Main.cpp">
      <Filter>Source Files</Filter>
    </ClCompile>
    <ClCompile Include="Controller.cpp">
      <Filter>Source Files</Filter>
    </ClCompile>
    <ClCompile Include="Game.cpp">
      <Filter>Source Files</Filter>
    </ClCompile>
    <ClCompile Include="Menu.cpp">
      <Filter>Source Files</Filter>
    </ClCompile>
    <ClCompile Include="Player.cpp">
      <Filter>Source Files</Filter>
    </ClCompile>
    <ClCompile Include="Cell.cpp">
      <Filter>Source Files</Filter>
    </ClCompile>
    <ClCompile Include="Point.cpp">
      <Filter>Source Files</Filter>
    </ClCompile>
    <ClCompile Include="Map.cpp">
      <Filter>Source Files</Filter>
    </ClCompile>
    <ClCompile Include="Tower.cpp">
      <Filter>Source Files</Filter>
    </ClCompile>
    <ClCompile Include="Enemy.cpp">
      <Filter>Source Files</Filter>
    </ClCompile>
    <ClCompile Include="Play.cpp">
      <Filter>Source Files</Filter>
    </ClCompile>
    <ClCompile Include="Monster.cpp">
      <Filter>Source Files</Filter>
    </ClCompile>
  </ItemGroup>
  <ItemGroup>
    <Text Include="Map\level1.txt">
      <Filter>Resource Files\Map</Filter>
    </Text>
    <Text Include="Map\level1_enemy.txt">
      <Filter>Resource Files\Map</Filter>
    </Text>
    <Text Include="Map\level1_map.txt">
      <Filter>Resource Files\Map</Filter>
    </Text>
    <Text Include="Map\level2.txt">
      <Filter>Resource Files\Map</Filter>
    </Text>
    <Text Include="ListSaveFile\listFile.txt">
      <Filter>Resource Files\ListSaveFile</Filter>
    </Text>
  </ItemGroup>
  <ItemGroup>
    <Media Include="Sound\effect.wav">
      <Filter>Resource Files\Sound</Filter>
    </Media>
    <Media Include="Sound\enter.wav">
      <Filter>Resource Files\Sound</Filter>
    </Media>
    <Media Include="Sound\enterbutton.wav">
      <Filter>Resource Files\Sound</Filter>
    </Media>
    <Media Include="Sound\error.wav">
      <Filter>Resource Files\Sound</Filter>
    </Media>
    <Media Include="Sound\lose.wav">
      <Filter>Resource Files\Sound</Filter>
    </Media>
    <Media Include="Sound\MOVE.wav">
      <Filter>Resource Files\Sound</Filter>
    </Media>
    <Media Include="Sound\nhacnen.wav">
      <Filter>Resource Files\Sound</Filter>
    </Media>
    <Media Include="Sound\SoundGame.wav">
      <Filter>Resource Files\Sound</Filter>
    </Media>
    <Media Include="Sound\win.wav">
      <Filter>Resource Files\Sound</Filter>
    </Media>
  </ItemGroup>
  <ItemGroup>
    <None Include="ListSaveFile\savegame1.bin">
      <Filter>Resource Files\ListSaveFile</Filter>
    </None>
  </ItemGroup>
</Project>